
Microsoft Visual Studio Solution File, Format Version 12.00
# Visual Studio Version 17
VisualStudioVersion = 17.13.35806.99 d17.13
MinimumVisualStudioVersion = 10.0.40219.1
Project("{FAE04EC0-301F-11D3-BF4B-00C04F79EFBC}") = "18. ejercicio Do while", "18. ejercicio Do while\18. ejercicio Do while.csproj", "{ABE38CAA-AC21-464A-ADBB-8F0AB32F55A0}"
EndProject
Global
	GlobalSection(SolutionConfigurationPlatforms) = preSolution
		Debug|Any CPU = Debug|Any CPU
		Release|Any CPU = Release|Any CPU
	EndGlobalSection
	GlobalSection(ProjectConfigurationPlatforms) = postSolution
		{ABE38CAA-AC21-464A-ADBB-8F0AB32F55A0}.Debug|Any CPU.ActiveCfg = Debug|Any CPU
		{ABE38CAA-AC21-464A-ADBB-8F0AB32F55A0}.Debug|Any CPU.Build.0 = Debug|Any CPU
		{ABE38CAA-AC21-464A-ADBB-8F0AB32F55A0}.Release|Any CPU.ActiveCfg = Release|Any CPU
		{ABE38CAA-AC21-464A-ADBB-8F0AB32F55A0}.Release|Any CPU.Build.0 = Release|Any CPU
	EndGlobalSection
	GlobalSection(SolutionProperties) = preSolution
		HideSolutionNode = FALSE
	EndGlobalSection
	GlobalSection(ExtensibilityGlobals) = postSolution
		SolutionGuid = {303EA73B-FEE7-49C8-9C6F-0448C0CB6361}
	EndGlobalSection
EndGlobal
