
Microsoft Visual Studio Solution File, Format Version 12.00
# Visual Studio Version 17
VisualStudioVersion = 17.13.35806.99 d17.13
MinimumVisualStudioVersion = 10.0.40219.1
Project("{FAE04EC0-301F-11D3-BF4B-00C04F79EFBC}") = "Operadores 2", "Operadores 2\Operadores 2.csproj", "{DFFA8D65-452D-4186-9EA1-BA7EB92A61FC}"
EndProject
Global
	GlobalSection(SolutionConfigurationPlatforms) = preSolution
		Debug|Any CPU = Debug|Any CPU
		Release|Any CPU = Release|Any CPU
	EndGlobalSection
	GlobalSection(ProjectConfigurationPlatforms) = postSolution
		{DFFA8D65-452D-4186-9EA1-BA7EB92A61FC}.Debug|Any CPU.ActiveCfg = Debug|Any CPU
		{DFFA8D65-452D-4186-9EA1-BA7EB92A61FC}.Debug|Any CPU.Build.0 = Debug|Any CPU
		{DFFA8D65-452D-4186-9EA1-BA7EB92A61FC}.Release|Any CPU.ActiveCfg = Release|Any CPU
		{DFFA8D65-452D-4186-9EA1-BA7EB92A61FC}.Release|Any CPU.Build.0 = Release|Any CPU
	EndGlobalSection
	GlobalSection(SolutionProperties) = preSolution
		HideSolutionNode = FALSE
	EndGlobalSection
	GlobalSection(ExtensibilityGlobals) = postSolution
		SolutionGuid = {CAF5529D-13A9-4080-8431-C4631B8A6C31}
	EndGlobalSection
EndGlobal
