
Microsoft Visual Studio Solution File, Format Version 12.00
# Visual Studio Version 17
VisualStudioVersion = 17.13.35806.99 d17.13
MinimumVisualStudioVersion = 10.0.40219.1
Project("{FAE04EC0-301F-11D3-BF4B-00C04F79EFBC}") = "11. while ejercicio", "11. while ejercicio\11. while ejercicio.csproj", "{94F924C1-82A7-449D-A561-3D65305EE153}"
EndProject
Global
	GlobalSection(SolutionConfigurationPlatforms) = preSolution
		Debug|Any CPU = Debug|Any CPU
		Release|Any CPU = Release|Any CPU
	EndGlobalSection
	GlobalSection(ProjectConfigurationPlatforms) = postSolution
		{94F924C1-82A7-449D-A561-3D65305EE153}.Debug|Any CPU.ActiveCfg = Debug|Any CPU
		{94F924C1-82A7-449D-A561-3D65305EE153}.Debug|Any CPU.Build.0 = Debug|Any CPU
		{94F924C1-82A7-449D-A561-3D65305EE153}.Release|Any CPU.ActiveCfg = Release|Any CPU
		{94F924C1-82A7-449D-A561-3D65305EE153}.Release|Any CPU.Build.0 = Release|Any CPU
	EndGlobalSection
	GlobalSection(SolutionProperties) = preSolution
		HideSolutionNode = FALSE
	EndGlobalSection
	GlobalSection(ExtensibilityGlobals) = postSolution
		SolutionGuid = {15AA1D43-FB71-4DC7-AEAC-7041E1C6E67C}
	EndGlobalSection
EndGlobal
