
Microsoft Visual Studio Solution File, Format Version 12.00
# Visual Studio Version 17
VisualStudioVersion = 17.13.35806.99 d17.13
MinimumVisualStudioVersion = 10.0.40219.1
Project("{FAE04EC0-301F-11D3-BF4B-00C04F79EFBC}") = "19. ejercicio do while 3", "19. ejercicio do while 3\19. ejercicio do while 3.csproj", "{001C548A-8523-4634-AB2B-96DFC4C25743}"
EndProject
Global
	GlobalSection(SolutionConfigurationPlatforms) = preSolution
		Debug|Any CPU = Debug|Any CPU
		Release|Any CPU = Release|Any CPU
	EndGlobalSection
	GlobalSection(ProjectConfigurationPlatforms) = postSolution
		{001C548A-8523-4634-AB2B-96DFC4C25743}.Debug|Any CPU.ActiveCfg = Debug|Any CPU
		{001C548A-8523-4634-AB2B-96DFC4C25743}.Debug|Any CPU.Build.0 = Debug|Any CPU
		{001C548A-8523-4634-AB2B-96DFC4C25743}.Release|Any CPU.ActiveCfg = Release|Any CPU
		{001C548A-8523-4634-AB2B-96DFC4C25743}.Release|Any CPU.Build.0 = Release|Any CPU
	EndGlobalSection
	GlobalSection(SolutionProperties) = preSolution
		HideSolutionNode = FALSE
	EndGlobalSection
	GlobalSection(ExtensibilityGlobals) = postSolution
		SolutionGuid = {E6BB1F01-8443-42EB-B647-DD94CF2625F0}
	EndGlobalSection
EndGlobal
