
Microsoft Visual Studio Solution File, Format Version 12.00
# Visual Studio Version 17
VisualStudioVersion = 17.13.35806.99 d17.13
MinimumVisualStudioVersion = 10.0.40219.1
Project("{FAE04EC0-301F-11D3-BF4B-00C04F79EFBC}") = "Parcial arreglos", "Parcial arreglos\Parcial arreglos.csproj", "{FF47F0AA-EA37-4D66-B495-16835EC8F2C6}"
EndProject
Global
	GlobalSection(SolutionConfigurationPlatforms) = preSolution
		Debug|Any CPU = Debug|Any CPU
		Release|Any CPU = Release|Any CPU
	EndGlobalSection
	GlobalSection(ProjectConfigurationPlatforms) = postSolution
		{FF47F0AA-EA37-4D66-B495-16835EC8F2C6}.Debug|Any CPU.ActiveCfg = Debug|Any CPU
		{FF47F0AA-EA37-4D66-B495-16835EC8F2C6}.Debug|Any CPU.Build.0 = Debug|Any CPU
		{FF47F0AA-EA37-4D66-B495-16835EC8F2C6}.Release|Any CPU.ActiveCfg = Release|Any CPU
		{FF47F0AA-EA37-4D66-B495-16835EC8F2C6}.Release|Any CPU.Build.0 = Release|Any CPU
	EndGlobalSection
	GlobalSection(SolutionProperties) = preSolution
		HideSolutionNode = FALSE
	EndGlobalSection
	GlobalSection(ExtensibilityGlobals) = postSolution
		SolutionGuid = {05A1E90A-5182-42B1-A81C-AC2B72137A64}
	EndGlobalSection
EndGlobal
