
Microsoft Visual Studio Solution File, Format Version 12.00
# Visual Studio Version 17
VisualStudioVersion = 17.11.35327.3
MinimumVisualStudioVersion = 10.0.40219.1
Project("{FAE04EC0-301F-11D3-BF4B-00C04F79EFBC}") = "16. ejercicio while 8", "16. ejercicio while 8.csproj", "{F72F5020-8069-41EE-9308-B0985293AAD6}"
EndProject
Global
	GlobalSection(SolutionConfigurationPlatforms) = preSolution
		Debug|Any CPU = Debug|Any CPU
		Release|Any CPU = Release|Any CPU
	EndGlobalSection
	GlobalSection(ProjectConfigurationPlatforms) = postSolution
		{F72F5020-8069-41EE-9308-B0985293AAD6}.Debug|Any CPU.ActiveCfg = Debug|Any CPU
		{F72F5020-8069-41EE-9308-B0985293AAD6}.Debug|Any CPU.Build.0 = Debug|Any CPU
		{F72F5020-8069-41EE-9308-B0985293AAD6}.Release|Any CPU.ActiveCfg = Release|Any CPU
		{F72F5020-8069-41EE-9308-B0985293AAD6}.Release|Any CPU.Build.0 = Release|Any CPU
	EndGlobalSection
	GlobalSection(SolutionProperties) = preSolution
		HideSolutionNode = FALSE
	EndGlobalSection
	GlobalSection(ExtensibilityGlobals) = postSolution
		SolutionGuid = {E11EE87E-15C7-41EB-B5B5-0C4C7CE5770F}
	EndGlobalSection
EndGlobal
