
Microsoft Visual Studio Solution File, Format Version 12.00
# Visual Studio Version 17
VisualStudioVersion = 17.13.35806.99 d17.13
MinimumVisualStudioVersion = 10.0.40219.1
Project("{FAE04EC0-301F-11D3-BF4B-00C04F79EFBC}") = "taller vectores y arreglos", "taller vectores y arreglos\taller vectores y arreglos.csproj", "{DB72A970-449F-4E12-AFD0-36F9B065B865}"
EndProject
Global
	GlobalSection(SolutionConfigurationPlatforms) = preSolution
		Debug|Any CPU = Debug|Any CPU
		Release|Any CPU = Release|Any CPU
	EndGlobalSection
	GlobalSection(ProjectConfigurationPlatforms) = postSolution
		{DB72A970-449F-4E12-AFD0-36F9B065B865}.Debug|Any CPU.ActiveCfg = Debug|Any CPU
		{DB72A970-449F-4E12-AFD0-36F9B065B865}.Debug|Any CPU.Build.0 = Debug|Any CPU
		{DB72A970-449F-4E12-AFD0-36F9B065B865}.Release|Any CPU.ActiveCfg = Release|Any CPU
		{DB72A970-449F-4E12-AFD0-36F9B065B865}.Release|Any CPU.Build.0 = Release|Any CPU
	EndGlobalSection
	GlobalSection(SolutionProperties) = preSolution
		HideSolutionNode = FALSE
	EndGlobalSection
	GlobalSection(ExtensibilityGlobals) = postSolution
		SolutionGuid = {9E0F05C5-AAA5-485E-9C99-7F9C6ED71249}
	EndGlobalSection
EndGlobal
